// !$*UTF8*$!
{
	archiveVersion = 1;
	classes = {
	};
	objectVersion = 50;
	objects = {

/* Begin PBXBuildFile section */
		211E546A2625068E007A63EC /* AppDelegate.swift in Sources */ = {isa = PBXBuildFile; fileRef = 211E54692625068E007A63EC /* AppDelegate.swift */; };
		211E546C2625068E007A63EC /* SceneDelegate.swift in Sources */ = {isa = PBXBuildFile; fileRef = 211E546B2625068E007A63EC /* SceneDelegate.swift */; };
		211E546E2625068E007A63EC /* ContentView.swift in Sources */ = {isa = PBXBuildFile; fileRef = 211E546D2625068E007A63EC /* ContentView.swift */; };
		211E547026250690007A63EC /* Assets.xcassets in Resources */ = {isa = PBXBuildFile; fileRef = 211E546F26250690007A63EC /* Assets.xcassets */; };
		211E547326250690007A63EC /* Preview Assets.xcassets in Resources */ = {isa = PBXBuildFile; fileRef = 211E547226250690007A63EC /* Preview Assets.xcassets */; };
		211E547626250690007A63EC /* LaunchScreen.storyboard in Resources */ = {isa = PBXBuildFile; fileRef = 211E547426250690007A63EC /* LaunchScreen.storyboard */; };
		211E548126250690007A63EC /* Evidencia2IOSTests.swift in Sources */ = {isa = PBXBuildFile; fileRef = 211E548026250690007A63EC /* Evidencia2IOSTests.swift */; };
		211E548C26250690007A63EC /* Evidencia2IOSUITests.swift in Sources */ = {isa = PBXBuildFile; fileRef = 211E548B26250690007A63EC /* Evidencia2IOSUITests.swift */; };
/* End PBXBuildFile section */

/* Begin PBXContainerItemProxy section */
		211E547D26250690007A63EC /* PBXContainerItemProxy */ = {
			isa = PBXContainerItemProxy;
			containerPortal = 211E545E2625068E007A63EC /* Project object */;
			proxyType = 1;
			remoteGlobalIDString = 211E54652625068E007A63EC;
			remoteInfo = Evidencia2IOS;
		};
		211E548826250690007A63EC /* PBXContainerItemProxy */ = {
			isa = PBXContainerItemProxy;
			containerPortal = 211E545E2625068E007A63EC /* Project object */;
			proxyType = 1;
			remoteGlobalIDString = 211E54652625068E007A63EC;
			remoteInfo = Evidencia2IOS;
		};
/* End PBXContainerItemProxy section */

/* Begin PBXFileReference section */
		211E54662625068E007A63EC /* Evidencia2IOS.app */ = {isa = PBXFileReference; explicitFileType = wrapper.application; includeInIndex = 0; path = Evidencia2IOS.app; sourceTree = BUILT_PRODUCTS_DIR; };
		211E54692625068E007A63EC /* AppDelegate.swift */ = {isa = PBXFileReference; lastKnownFileType = sourcecode.swift; path = AppDelegate.swift; sourceTree = "<group>"; };
		211E546B2625068E007A63EC /* SceneDelegate.swift */ = {isa = PBXFileReference; lastKnownFileType = sourcecode.swift; path = SceneDelegate.swift; sourceTree = "<group>"; };
		211E546D2625068E007A63EC /* ContentView.swift */ = {isa = PBXFileReference; lastKnownFileType = sourcecode.swift; path = ContentView.swift; sourceTree = "<group>"; };
		211E546F26250690007A63EC /* Assets.xcassets */ = {isa = PBXFileReference; lastKnownFileType = folder.assetcatalog; path = Assets.xcassets; sourceTree = "<group>"; };
		211E547226250690007A63EC /* Preview Assets.xcassets */ = {isa = PBXFileReference; lastKnownFileType = folder.assetcatalog; path = "Preview Assets.xcassets"; sourceTree = "<group>"; };
		211E547526250690007A63EC /* Base */ = {isa = PBXFileReference; lastKnownFileType = file.storyboard; name = Base; path = Base.lproj/LaunchScreen.storyboard; sourceTree = "<group>"; };
		211E547726250690007A63EC /* Info.plist */ = {isa = PBXFileReference; lastKnownFileType = text.plist.xml; path = Info.plist; sourceTree = "<group>"; };
		211E547C26250690007A63EC /* Evidencia2IOSTests.xctest */ = {isa = PBXFileReference; explicitFileType = wrapper.cfbundle; includeInIndex = 0; path = Evidencia2IOSTests.xctest; sourceTree = BUILT_PRODUCTS_DIR; };
		211E548026250690007A63EC /* Evidencia2IOSTests.swift */ = {isa = PBXFileReference; lastKnownFileType = sourcecode.swift; path = Evidencia2IOSTests.swift; sourceTree = "<group>"; };
		211E548226250690007A63EC /* Info.plist */ = {isa = PBXFileReference; lastKnownFileType = text.plist.xml; path = Info.plist; sourceTree = "<group>"; };
		211E548726250690007A63EC /* Evidencia2IOSUITests.xctest */ = {isa = PBXFileReference; explicitFileType = wrapper.cfbundle; includeInIndex = 0; path = Evidencia2IOSUITests.xctest; sourceTree = BUILT_PRODUCTS_DIR; };
		211E548B26250690007A63EC /* Evidencia2IOSUITests.swift */ = {isa = PBXFileReference; lastKnownFileType = sourcecode.swift; path = Evidencia2IOSUITests.swift; sourceTree = "<group>"; };
		211E548D26250690007A63EC /* Info.plist */ = {isa = PBXFileReference; lastKnownFileType = text.plist.xml; path = Info.plist; sourceTree = "<group>"; };
/* End PBXFileReference section */

/* Begin PBXFrameworksBuildPhase section */
		211E54632625068E007A63EC /* Frameworks */ = {
			isa = PBXFrameworksBuildPhase;
			buildActionMask = 2147483647;
			files = (
			);
			runOnlyForDeploymentPostprocessing = 0;
		};
		211E547926250690007A63EC /* Frameworks */ = {
			isa = PBXFrameworksBuildPhase;
			buildActionMask = 2147483647;
			files = (
			);
			runOnlyForDeploymentPostprocessing = 0;
		};
		211E548426250690007A63EC /* Frameworks */ = {
			isa = PBXFrameworksBuildPhase;
			buildActionMask = 2147483647;
			files = (
			);
			runOnlyForDeploymentPostprocessing = 0;
		};
/* End PBXFrameworksBuildPhase section */

/* Begin PBXGroup section */
		211E545D2625068E007A63EC = {
			isa = PBXGroup;
			children = (
				211E54682625068E007A63EC /* Evidencia2IOS */,
				211E547F26250690007A63EC /* Evidencia2IOSTests */,
				211E548A26250690007A63EC /* Evidencia2IOSUITests */,
				211E54672625068E007A63EC /* Products */,
			);
			sourceTree = "<group>";
		};
		211E54672625068E007A63EC /* Products */ = {
			isa = PBXGroup;
			children = (
				211E54662625068E007A63EC /* Evidencia2IOS.app */,
				211E547C26250690007A63EC /* Evidencia2IOSTests.xctest */,
				211E548726250690007A63EC /* Evidencia2IOSUITests.xctest */,
			);
			name = Products;
			sourceTree = "<group>";
		};
		211E54682625068E007A63EC /* Evidencia2IOS */ = {
			isa = PBXGroup;
			children = (
				211E54692625068E007A63EC /* AppDelegate.swift */,
				211E546B2625068E007A63EC /* SceneDelegate.swift */,
				211E546D2625068E007A63EC /* ContentView.swift */,
				211E546F26250690007A63EC /* Assets.xcassets */,
				211E547426250690007A63EC /* LaunchScreen.storyboard */,
				211E547726250690007A63EC /* Info.plist */,
				211E547126250690007A63EC /* Preview Content */,
			);
			path = Evidencia2IOS;
			sourceTree = "<group>";
		};
		211E547126250690007A63EC /* Preview Content */ = {
			isa = PBXGroup;
			children = (
				211E547226250690007A63EC /* Preview Assets.xcassets */,
			);
			path = "Preview Content";
			sourceTree = "<group>";
		};
		211E547F26250690007A63EC /* Evidencia2IOSTests */ = {
			isa = PBXGroup;
			children = (
				211E548026250690007A63EC /* Evidencia2IOSTests.swift */,
				211E548226250690007A63EC /* Info.plist */,
			);
			path = Evidencia2IOSTests;
			sourceTree = "<group>";
		};
		211E548A26250690007A63EC /* Evidencia2IOSUITests */ = {
			isa = PBXGroup;
			children = (
				211E548B26250690007A63EC /* Evidencia2IOSUITests.swift */,
				211E548D26250690007A63EC /* Info.plist */,
			);
			path = Evidencia2IOSUITests;
			sourceTree = "<group>";
		};
/* End PBXGroup section */

/* Begin PBXNativeTarget section */
		211E54652625068E007A63EC /* Evidencia2IOS */ = {
			isa = PBXNativeTarget;
			buildConfigurationList = 211E549026250690007A63EC /* Build configuration list for PBXNativeTarget "Evidencia2IOS" */;
			buildPhases = (
				211E54622625068E007A63EC /* Sources */,
				211E54632625068E007A63EC /* Frameworks */,
				211E54642625068E007A63EC /* Resources */,
			);
			buildRules = (
			);
			dependencies = (
			);
			name = Evidencia2IOS;
			productName = Evidencia2IOS;
			productReference = 211E54662625068E007A63EC /* Evidencia2IOS.app */;
			productType = "com.apple.product-type.application";
		};
		211E547B26250690007A63EC /* Evidencia2IOSTests */ = {
			isa = PBXNativeTarget;
			buildConfigurationList = 211E549326250690007A63EC /* Build configuration list for PBXNativeTarget "Evidencia2IOSTests" */;
			buildPhases = (
				211E547826250690007A63EC /* Sources */,
				211E547926250690007A63EC /* Frameworks */,
				211E547A26250690007A63EC /* Resources */,
			);
			buildRules = (
			);
			dependencies = (
				211E547E26250690007A63EC /* PBXTargetDependency */,
			);
			name = Evidencia2IOSTests;
			productName = Evidencia2IOSTests;
			productReference = 211E547C26250690007A63EC /* Evidencia2IOSTests.xctest */;
			productType = "com.apple.product-type.bundle.unit-test";
		};
		211E548626250690007A63EC /* Evidencia2IOSUITests */ = {
			isa = PBXNativeTarget;
			buildConfigurationList = 211E549626250690007A63EC /* Build configuration list for PBXNativeTarget "Evidencia2IOSUITests" */;
			buildPhases = (
				211E548326250690007A63EC /* Sources */,
				211E548426250690007A63EC /* Frameworks */,
				211E548526250690007A63EC /* Resources */,
			);
			buildRules = (
			);
			dependencies = (
				211E548926250690007A63EC /* PBXTargetDependency */,
			);
			name = Evidencia2IOSUITests;
			productName = Evidencia2IOSUITests;
			productReference = 211E548726250690007A63EC /* Evidencia2IOSUITests.xctest */;
			productType = "com.apple.product-type.bundle.ui-testing";
		};
/* End PBXNativeTarget section */

/* Begin PBXProject section */
		211E545E2625068E007A63EC /* Project object */ = {
			isa = PBXProject;
			attributes = {
				LastSwiftUpdateCheck = 1130;
				LastUpgradeCheck = 1130;
				ORGANIZATIONNAME = user166430;
				TargetAttributes = {
					211E54652625068E007A63EC = {
						CreatedOnToolsVersion = 11.3.1;
					};
					211E547B26250690007A63EC = {
						CreatedOnToolsVersion = 11.3.1;
						TestTargetID = 211E54652625068E007A63EC;
					};
					211E548626250690007A63EC = {
						CreatedOnToolsVersion = 11.3.1;
						TestTargetID = 211E54652625068E007A63EC;
					};
				};
			};
			buildConfigurationList = 211E54612625068E007A63EC /* Build configuration list for PBXProject "Evidencia2IOS" */;
			compatibilityVersion = "Xcode 9.3";
			developmentRegion = en;
			hasScannedForEncodings = 0;
			knownRegions = (
				en,
				Base,
			);
			mainGroup = 211E545D2625068E007A63EC;
			productRefGroup = 211E54672625068E007A63EC /* Products */;
			projectDirPath = "";
			projectRoot = "";
			targets = (
				211E54652625068E007A63EC /* Evidencia2IOS */,
				211E547B26250690007A63EC /* Evidencia2IOSTests */,
				211E548626250690007A63EC /* Evidencia2IOSUITests */,
			);
		};
/* End PBXProject section */

/* Begin PBXResourcesBuildPhase section */
		211E54642625068E007A63EC /* Resources */ = {
			isa = PBXResourcesBuildPhase;
			buildActionMask = 2147483647;
			files = (
				211E547626250690007A63EC /* LaunchScreen.storyboard in Resources */,
				211E547326250690007A63EC /* Preview Assets.xcassets in Resources */,
				211E547026250690007A63EC /* Assets.xcassets in Resources */,
			);
			runOnlyForDeploymentPostprocessing = 0;
		};
		211E547A26250690007A63EC /* Resources */ = {
			isa = PBXResourcesBuildPhase;
			buildActionMask = 2147483647;
			files = (
			);
			runOnlyForDeploymentPostprocessing = 0;
		};
		211E548526250690007A63EC /* Resources */ = {
			isa = PBXResourcesBuildPhase;
			buildActionMask = 2147483647;
			files = (
			);
			runOnlyForDeploymentPostprocessing = 0;
		};
/* End PBXResourcesBuildPhase section */

/* Begin PBXSourcesBuildPhase section */
		211E54622625068E007A63EC /* Sources */ = {
			isa = PBXSourcesBuildPhase;
			buildActionMask = 2147483647;
			files = (
				211E546A2625068E007A63EC /* AppDelegate.swift in Sources */,
				211E546C2625068E007A63EC /* SceneDelegate.swift in Sources */,
				211E546E2625068E007A63EC /* ContentView.swift in Sources */,
			);
			runOnlyForDeploymentPostprocessing = 0;
		};
		211E547826250690007A63EC /* Sources */ = {
			isa = PBXSourcesBuildPhase;
			buildActionMask = 2147483647;
			files = (
				211E548126250690007A63EC /* Evidencia2IOSTests.swift in Sources */,
			);
			runOnlyForDeploymentPostprocessing = 0;
		};
		211E548326250690007A63EC /* Sources */ = {
			isa = PBXSourcesBuildPhase;
			buildActionMask = 2147483647;
			files = (
				211E548C26250690007A63EC /* Evidencia2IOSUITests.swift in Sources */,
			);
			runOnlyForDeploymentPostprocessing = 0;
		};
/* End PBXSourcesBuildPhase section */

/* Begin PBXTargetDependency section */
		211E547E26250690007A63EC /* PBXTargetDependency */ = {
			isa = PBXTargetDependency;
			target = 211E54652625068E007A63EC /* Evidencia2IOS */;
			targetProxy = 211E547D26250690007A63EC /* PBXContainerItemProxy */;
		};
		211E548926250690007A63EC /* PBXTargetDependency */ = {
			isa = PBXTargetDependency;
			target = 211E54652625068E007A63EC /* Evidencia2IOS */;
			targetProxy = 211E548826250690007A63EC /* PBXContainerItemProxy */;
		};
/* End PBXTargetDependency section */

/* Begin PBXVariantGroup section */
		211E547426250690007A63EC /* LaunchScreen.storyboard */ = {
			isa = PBXVariantGroup;
			children = (
				211E547526250690007A63EC /* Base */,
			);
			name = LaunchScreen.storyboard;
			sourceTree = "<group>";
		};
/* End PBXVariantGroup section */

/* Begin XCBuildConfiguration section */
		211E548E26250690007A63EC /* Debug */ = {
			isa = XCBuildConfiguration;
			buildSettings = {
				ALWAYS_SEARCH_USER_PATHS = NO;
				CLANG_ANALYZER_NONNULL = YES;
				CLANG_ANALYZER_NUMBER_OBJECT_CONVERSION = YES_AGGRESSIVE;
				CLANG_CXX_LANGUAGE_STANDARD = "gnu++14";
				CLANG_CXX_LIBRARY = "libc++";
				CLANG_ENABLE_MODULES = YES;
				CLANG_ENABLE_OBJC_ARC = YES;
				CLANG_ENABLE_OBJC_WEAK = YES;
				CLANG_WARN_BLOCK_CAPTURE_AUTORELEASING = YES;
				CLANG_WARN_BOOL_CONVERSION = YES;
				CLANG_WARN_COMMA = YES;
				CLANG_WARN_CONSTANT_CONVERSION = YES;
				CLANG_WARN_DEPRECATED_OBJC_IMPLEMENTATIONS = YES;
				CLANG_WARN_DIRECT_OBJC_ISA_USAGE = YES_ERROR;
				CLANG_WARN_DOCUMENTATION_COMMENTS = YES;
				CLANG_WARN_EMPTY_BODY = YES;
				CLANG_WARN_ENUM_CONVERSION = YES;
				CLANG_WARN_INFINITE_RECURSION = YES;
				CLANG_WARN_INT_CONVERSION = YES;
				CLANG_WARN_NON_LITERAL_NULL_CONVERSION = YES;
				CLANG_WARN_OBJC_IMPLICIT_RETAIN_SELF = YES;
				CLANG_WARN_OBJC_LITERAL_CONVERSION = YES;
				CLANG_WARN_OBJC_ROOT_CLASS = YES_ERROR;
				CLANG_WARN_RANGE_LOOP_ANALYSIS = YES;
				CLANG_WARN_STRICT_PROTOTYPES = YES;
				CLANG_WARN_SUSPICIOUS_MOVE = YES;
				CLANG_WARN_UNGUARDED_AVAILABILITY = YES_AGGRESSIVE;
				CLANG_WARN_UNREACHABLE_CODE = YES;
				CLANG_WARN__DUPLICATE_METHOD_MATCH = YES;
				COPY_PHASE_STRIP = NO;
				DEBUG_INFORMATION_FORMAT = dwarf;
				ENABLE_STRICT_OBJC_MSGSEND = YES;
				ENABLE_TESTABILITY = YES;
				GCC_C_LANGUAGE_STANDARD = gnu11;
				GCC_DYNAMIC_NO_PIC = NO;
				GCC_NO_COMMON_BLOCKS = YES;
				GCC_OPTIMIZATION_LEVEL = 0;
				GCC_PREPROCESSOR_DEFINITIONS = (
					"DEBUG=1",
					"$(inherited)",
				);
				GCC_WARN_64_TO_32_BIT_CONVERSION = YES;
				GCC_WARN_ABOUT_RETURN_TYPE = YES_ERROR;
				GCC_WARN_UNDECLARED_SELECTOR = YES;
				GCC_WARN_UNINITIALIZED_AUTOS = YES_AGGRESSIVE;
				GCC_WARN_UNUSED_FUNCTION = YES;
				GCC_WARN_UNUSED_VARIABLE = YES;
				IPHONEOS_DEPLOYMENT_TARGET = 13.2;
				MTL_ENABLE_DEBUG_INFO = INCLUDE_SOURCE;
				MTL_FAST_MATH = YES;
				ONLY_ACTIVE_ARCH = YES;
				SDKROOT = iphoneos;
				SWIFT_ACTIVE_COMPILATION_CONDITIONS = DEBUG;
				SWIFT_OPTIMIZATION_LEVEL = "-Onone";
			};
			name = Debug;
		};
		211E548F26250690007A63EC /* Release */ = {
			isa = XCBuildConfiguration;
			buildSettings = {
				ALWAYS_SEARCH_USER_PATHS = NO;
				CLANG_ANALYZER_NONNULL = YES;
				CLANG_ANALYZER_NUMBER_OBJECT_CONVERSION = YES_AGGRESSIVE;
				CLANG_CXX_LANGUAGE_STANDARD = "gnu++14";
				CLANG_CXX_LIBRARY = "libc++";
				CLANG_ENABLE_MODULES = YES;
				CLANG_ENABLE_OBJC_ARC = YES;
				CLANG_ENABLE_OBJC_WEAK = YES;
				CLANG_WARN_BLOCK_CAPTURE_AUTORELEASING = YES;
				CLANG_WARN_BOOL_CONVERSION = YES;
				CLANG_WARN_COMMA = YES;
				CLANG_WARN_CONSTANT_CONVERSION = YES;
				CLANG_WARN_DEPRECATED_OBJC_IMPLEMENTATIONS = YES;
				CLANG_WARN_DIRECT_OBJC_ISA_USAGE = YES_ERROR;
				CLANG_WARN_DOCUMENTATION_COMMENTS = YES;
				CLANG_WARN_EMPTY_BODY = YES;
				CLANG_WARN_ENUM_CONVERSION = YES;
				CLANG_WARN_INFINITE_RECURSION = YES;
				CLANG_WARN_INT_CONVERSION = YES;
				CLANG_WARN_NON_LITERAL_NULL_CONVERSION = YES;
				CLANG_WARN_OBJC_IMPLICIT_RETAIN_SELF = YES;
				CLANG_WARN_OBJC_LITERAL_CONVERSION = YES;
				CLANG_WARN_OBJC_ROOT_CLASS = YES_ERROR;
				CLANG_WARN_RANGE_LOOP_ANALYSIS = YES;
				CLANG_WARN_STRICT_PROTOTYPES = YES;
				CLANG_WARN_SUSPICIOUS_MOVE = YES;
				CLANG_WARN_UNGUARDED_AVAILABILITY = YES_AGGRESSIVE;
				CLANG_WARN_UNREACHABLE_CODE = YES;
				CLANG_WARN__DUPLICATE_METHOD_MATCH = YES;
				COPY_PHASE_STRIP = NO;
				DEBUG_INFORMATION_FORMAT = "dwarf-with-dsym";
				ENABLE_NS_ASSERTIONS = NO;
				ENABLE_STRICT_OBJC_MSGSEND = YES;
				GCC_C_LANGUAGE_STANDARD = gnu11;
				GCC_NO_COMMON_BLOCKS = YES;
				GCC_WARN_64_TO_32_BIT_CONVERSION = YES;
				GCC_WARN_ABOUT_RETURN_TYPE = YES_ERROR;
				GCC_WARN_UNDECLARED_SELECTOR = YES;
				GCC_WARN_UNINITIALIZED_AUTOS = YES_AGGRESSIVE;
				GCC_WARN_UNUSED_FUNCTION = YES;
				GCC_WARN_UNUSED_VARIABLE = YES;
				IPHONEOS_DEPLOYMENT_TARGET = 13.2;
				MTL_ENABLE_DEBUG_INFO = NO;
				MTL_FAST_MATH = YES;
				SDKROOT = iphoneos;
				SWIFT_COMPILATION_MODE = wholemodule;
				SWIFT_OPTIMIZATION_LEVEL = "-O";
				VALIDATE_PRODUCT = YES;
			};
			name = Release;
		};
		211E549126250690007A63EC /* Debug */ = {
			isa = XCBuildConfiguration;
			buildSettings = {
				ASSETCATALOG_COMPILER_APPICON_NAME = AppIcon;
				CODE_SIGN_STYLE = Automatic;
				DEVELOPMENT_ASSET_PATHS = "\"Evidencia2IOS/Preview Content\"";
				ENABLE_PREVIEWS = YES;
				INFOPLIST_FILE = Evidencia2IOS/Info.plist;
				LD_RUNPATH_SEARCH_PATHS = (
					"$(inherited)",
					"@executable_path/Frameworks",
				);
				PRODUCT_BUNDLE_IDENTIFIER = user166430.Evidencia2IOS;
				PRODUCT_NAME = "$(TARGET_NAME)";
				SWIFT_VERSION = 5.0;
				TARGETED_DEVICE_FAMILY = "1,2";
			};
			name = Debug;
		};
		211E549226250690007A63EC /* Release */ = {
			isa = XCBuildConfiguration;
			buildSettings = {
				ASSETCATALOG_COMPILER_APPICON_NAME = AppIcon;
				CODE_SIGN_STYLE = Automatic;
				DEVELOPMENT_ASSET_PATHS = "\"Evidencia2IOS/Preview Content\"";
				ENABLE_PREVIEWS = YES;
				INFOPLIST_FILE = Evidencia2IOS/Info.plist;
				LD_RUNPATH_SEARCH_PATHS = (
					"$(inherited)",
					"@executable_path/Frameworks",
				);
				PRODUCT_BUNDLE_IDENTIFIER = user166430.Evidencia2IOS;
				PRODUCT_NAME = "$(TARGET_NAME)";
				SWIFT_VERSION = 5.0;
				TARGETED_DEVICE_FAMILY = "1,2";
			};
			name = Release;
		};
		211E549426250690007A63EC /* Debug */ = {
			isa = XCBuildConfiguration;
			buildSettings = {
				ALWAYS_EMBED_SWIFT_STANDARD_LIBRARIES = YES;
				BUNDLE_LOADER = "$(TEST_HOST)";
				CODE_SIGN_STYLE = Automatic;
				INFOPLIST_FILE = Evidencia2IOSTests/Info.plist;
				IPHONEOS_DEPLOYMENT_TARGET = 13.2;
				LD_RUNPATH_SEARCH_PATHS = (
					"$(inherited)",
					"@executable_path/Frameworks",
					"@loader_path/Frameworks",
				);
				PRODUCT_BUNDLE_IDENTIFIER = user166430.Evidencia2IOSTests;
				PRODUCT_NAME = "$(TARGET_NAME)";
				SWIFT_VERSION = 5.0;
				TARGETED_DEVICE_FAMILY = "1,2";
				TEST_HOST = "$(BUILT_PRODUCTS_DIR)/Evidencia2IOS.app/Evidencia2IOS";
			};
			name = Debug;
		};
		211E549526250690007A63EC /* Release */ = {
			isa = XCBuildConfiguration;
			buildSettings = {
				ALWAYS_EMBED_SWIFT_STANDARD_LIBRARIES = YES;
				BUNDLE_LOADER = "$(TEST_HOST)";
				CODE_SIGN_STYLE = Automatic;
				INFOPLIST_FILE = Evidencia2IOSTests/Info.plist;
				IPHONEOS_DEPLOYMENT_TARGET = 13.2;
				LD_RUNPATH_SEARCH_PATHS = (
					"$(inherited)",
					"@executable_path/Frameworks",
					"@loader_path/Frameworks",
				);
				PRODUCT_BUNDLE_IDENTIFIER = user166430.Evidencia2IOSTests;
				PRODUCT_NAME = "$(TARGET_NAME)";
				SWIFT_VERSION = 5.0;
				TARGETED_DEVICE_FAMILY = "1,2";
				TEST_HOST = "$(BUILT_PRODUCTS_DIR)/Evidencia2IOS.app/Evidencia2IOS";
			};
			name = Release;
		};
		211E549726250690007A63EC /* Debug */ = {
			isa = XCBuildConfiguration;
			buildSettings = {
				ALWAYS_EMBED_SWIFT_STANDARD_LIBRARIES = YES;
				CODE_SIGN_STYLE = Automatic;
				INFOPLIST_FILE = Evidencia2IOSUITests/Info.plist;
				LD_RUNPATH_SEARCH_PATHS = (
					"$(inherited)",
					"@executable_path/Frameworks",
					"@loader_path/Frameworks",
				);
				PRODUCT_BUNDLE_IDENTIFIER = user166430.Evidencia2IOSUITests;
				PRODUCT_NAME = "$(TARGET_NAME)";
				SWIFT_VERSION = 5.0;
				TARGETED_DEVICE_FAMILY = "1,2";
				TEST_TARGET_NAME = Evidencia2IOS;
			};
			name = Debug;
		};
		211E549826250690007A63EC /* Release */ = {
			isa = XCBuildConfiguration;
			buildSettings = {
				ALWAYS_EMBED_SWIFT_STANDARD_LIBRARIES = YES;
				CODE_SIGN_STYLE = Automatic;
				INFOPLIST_FILE = Evidencia2IOSUITests/Info.plist;
				LD_RUNPATH_SEARCH_PATHS = (
					"$(inherited)",
					"@executable_path/Frameworks",
					"@loader_path/Frameworks",
				);
				PRODUCT_BUNDLE_IDENTIFIER = user166430.Evidencia2IOSUITests;
				PRODUCT_NAME = "$(TARGET_NAME)";
				SWIFT_VERSION = 5.0;
				TARGETED_DEVICE_FAMILY = "1,2";
				TEST_TARGET_NAME = Evidencia2IOS;
			};
			name = Release;
		};
/* End XCBuildConfiguration section */

/* Begin XCConfigurationList section */
		211E54612625068E007A63EC /* Build configuration list for PBXProject "Evidencia2IOS" */ = {
			isa = XCConfigurationList;
			buildConfigurations = (
				211E548E26250690007A63EC /* Debug */,
				211E548F26250690007A63EC /* Release */,
			);
			defaultConfigurationIsVisible = 0;
			defaultConfigurationName = Release;
		};
		211E549026250690007A63EC /* Build configuration list for PBXNativeTarget "Evidencia2IOS" */ = {
			isa = XCConfigurationList;
			buildConfigurations = (
				211E549126250690007A63EC /* Debug */,
				211E549226250690007A63EC /* Release */,
			);
			defaultConfigurationIsVisible = 0;
			defaultConfigurationName = Release;
		};
		211E549326250690007A63EC /* Build configuration list for PBXNativeTarget "Evidencia2IOSTests" */ = {
			isa = XCConfigurationList;
			buildConfigurations = (
				211E549426250690007A63EC /* Debug */,
				211E549526250690007A63EC /* Release */,
			);
			defaultConfigurationIsVisible = 0;
			defaultConfigurationName = Release;
		};
		211E549626250690007A63EC /* Build configuration list for PBXNativeTarget "Evidencia2IOSUITests" */ = {
			isa = XCConfigurationList;
			buildConfigurations = (
				211E549726250690007A63EC /* Debug */,
				211E549826250690007A63EC /* Release */,
			);
			defaultConfigurationIsVisible = 0;
			defaultConfigurationName = Release;
		};
/* End XCConfigurationList section */
	};
	rootObject = 211E545E2625068E007A63EC /* Project object */;
}
